
Microsoft Visual Studio Solution File, Format Version 12.00
# Visual Studio Version 17
VisualStudioVersion = 17.9.34723.18
MinimumVisualStudioVersion = 10.0.40219.1
Project("{FAE04EC0-301F-11D3-BF4B-00C04F79EFBC}") = "SignaturePadSample", "SignaturePadSample\SignaturePadSample.csproj", "{58F48538-7A8C-47D3-8255-CC13319A8C17}"
EndProject
Global
	GlobalSection(SolutionConfigurationPlatforms) = preSolution
		Debug|Any CPU = Debug|Any CPU
		Release|Any CPU = Release|Any CPU
	EndGlobalSection
	GlobalSection(ProjectConfigurationPlatforms) = postSolution
		{58F48538-7A8C-47D3-8255-CC13319A8C17}.Debug|Any CPU.ActiveCfg = Debug|Any CPU
		{58F48538-7A8C-47D3-8255-CC13319A8C17}.Debug|Any CPU.Build.0 = Debug|Any CPU
		{58F48538-7A8C-47D3-8255-CC13319A8C17}.Debug|Any CPU.Deploy.0 = Debug|Any CPU
		{58F48538-7A8C-47D3-8255-CC13319A8C17}.Release|Any CPU.ActiveCfg = Release|Any CPU
		{58F48538-7A8C-47D3-8255-CC13319A8C17}.Release|Any CPU.Build.0 = Release|Any CPU
		{58F48538-7A8C-47D3-8255-CC13319A8C17}.Release|Any CPU.Deploy.0 = Release|Any CPU
	EndGlobalSection
	GlobalSection(SolutionProperties) = preSolution
		HideSolutionNode = FALSE
	EndGlobalSection
	GlobalSection(ExtensibilityGlobals) = postSolution
		SolutionGuid = {08CF2C84-4E5B-48F1-AA91-2A5A37D46BAA}
	EndGlobalSection
EndGlobal
